
Microsoft Visual Studio Solution File, Format Version 12.00
# Visual Studio Version 17
VisualStudioVersion = 17.0.31903.59
MinimumVisualStudioVersion = 10.0.40219.1
Project("{2150E333-8FDC-42A3-9474-1A3956D46DE8}") = "src", "src", "{827E0CD3-B72D-47B6-A68D-7590B98EB39B}"
EndProject
Project("{FAE04EC0-301F-11D3-BF4B-00C04F79EFBC}") = "GameShelf.Domain", "src\GameShelf.Domain\GameShelf.Domain.csproj", "{CCAE9A5D-D90F-4E6E-851B-E8EF95079475}"
EndProject
Project("{FAE04EC0-301F-11D3-BF4B-00C04F79EFBC}") = "GameShelf.Application", "src\GameShelf.Application\GameShelf.Application.csproj", "{8B654ED0-9B46-4DFA-9CDD-83C0D5479242}"
EndProject
Project("{FAE04EC0-301F-11D3-BF4B-00C04F79EFBC}") = "GameShelf.Infrastructure", "src\GameShelf.Infrastructure\GameShelf.Infrastructure.csproj", "{84C52146-50E5-4E3E-A97C-9AB255D841C9}"
EndProject
Project("{FAE04EC0-301F-11D3-BF4B-00C04F79EFBC}") = "GameShelf.API", "src\GameShelf.API\GameShelf.API.csproj", "{30DF0D8B-B77A-43B9-BE23-5CD1FC299C68}"
EndProject
Project("{2150E333-8FDC-42A3-9474-1A3956D46DE8}") = "tests", "tests", "{0AB3BF05-4346-4AA6-1389-037BE0695223}"
EndProject
Project("{FAE04EC0-301F-11D3-BF4B-00C04F79EFBC}") = "GameShelf.UnitTests", "tests\GameShelf.UnitTests\GameShelf.UnitTests.csproj", "{41B35BE8-18B9-4F3B-8AC3-E253C2824E2E}"
EndProject
Global
	GlobalSection(SolutionConfigurationPlatforms) = preSolution
		Debug|Any CPU = Debug|Any CPU
		Debug|x64 = Debug|x64
		Debug|x86 = Debug|x86
		Release|Any CPU = Release|Any CPU
		Release|x64 = Release|x64
		Release|x86 = Release|x86
	EndGlobalSection
	GlobalSection(ProjectConfigurationPlatforms) = postSolution
		{CCAE9A5D-D90F-4E6E-851B-E8EF95079475}.Debug|Any CPU.ActiveCfg = Debug|Any CPU
		{CCAE9A5D-D90F-4E6E-851B-E8EF95079475}.Debug|Any CPU.Build.0 = Debug|Any CPU
		{CCAE9A5D-D90F-4E6E-851B-E8EF95079475}.Debug|x64.ActiveCfg = Debug|Any CPU
		{CCAE9A5D-D90F-4E6E-851B-E8EF95079475}.Debug|x64.Build.0 = Debug|Any CPU
		{CCAE9A5D-D90F-4E6E-851B-E8EF95079475}.Debug|x86.ActiveCfg = Debug|Any CPU
		{CCAE9A5D-D90F-4E6E-851B-E8EF95079475}.Debug|x86.Build.0 = Debug|Any CPU
		{CCAE9A5D-D90F-4E6E-851B-E8EF95079475}.Release|Any CPU.ActiveCfg = Release|Any CPU
		{CCAE9A5D-D90F-4E6E-851B-E8EF95079475}.Release|Any CPU.Build.0 = Release|Any CPU
		{CCAE9A5D-D90F-4E6E-851B-E8EF95079475}.Release|x64.ActiveCfg = Release|Any CPU
		{CCAE9A5D-D90F-4E6E-851B-E8EF95079475}.Release|x64.Build.0 = Release|Any CPU
		{CCAE9A5D-D90F-4E6E-851B-E8EF95079475}.Release|x86.ActiveCfg = Release|Any CPU
		{CCAE9A5D-D90F-4E6E-851B-E8EF95079475}.Release|x86.Build.0 = Release|Any CPU
		{8B654ED0-9B46-4DFA-9CDD-83C0D5479242}.Debug|Any CPU.ActiveCfg = Debug|Any CPU
		{8B654ED0-9B46-4DFA-9CDD-83C0D5479242}.Debug|Any CPU.Build.0 = Debug|Any CPU
		{8B654ED0-9B46-4DFA-9CDD-83C0D5479242}.Debug|x64.ActiveCfg = Debug|Any CPU
		{8B654ED0-9B46-4DFA-9CDD-83C0D5479242}.Debug|x64.Build.0 = Debug|Any CPU
		{8B654ED0-9B46-4DFA-9CDD-83C0D5479242}.Debug|x86.ActiveCfg = Debug|Any CPU
		{8B654ED0-9B46-4DFA-9CDD-83C0D5479242}.Debug|x86.Build.0 = Debug|Any CPU
		{8B654ED0-9B46-4DFA-9CDD-83C0D5479242}.Release|Any CPU.ActiveCfg = Release|Any CPU
		{8B654ED0-9B46-4DFA-9CDD-83C0D5479242}.Release|Any CPU.Build.0 = Release|Any CPU
		{8B654ED0-9B46-4DFA-9CDD-83C0D5479242}.Release|x64.ActiveCfg = Release|Any CPU
		{8B654ED0-9B46-4DFA-9CDD-83C0D5479242}.Release|x64.Build.0 = Release|Any CPU
		{8B654ED0-9B46-4DFA-9CDD-83C0D5479242}.Release|x86.ActiveCfg = Release|Any CPU
		{8B654ED0-9B46-4DFA-9CDD-83C0D5479242}.Release|x86.Build.0 = Release|Any CPU
		{84C52146-50E5-4E3E-A97C-9AB255D841C9}.Debug|Any CPU.ActiveCfg = Debug|Any CPU
		{84C52146-50E5-4E3E-A97C-9AB255D841C9}.Debug|Any CPU.Build.0 = Debug|Any CPU
		{84C52146-50E5-4E3E-A97C-9AB255D841C9}.Debug|x64.ActiveCfg = Debug|Any CPU
		{84C52146-50E5-4E3E-A97C-9AB255D841C9}.Debug|x64.Build.0 = Debug|Any CPU
		{84C52146-50E5-4E3E-A97C-9AB255D841C9}.Debug|x86.ActiveCfg = Debug|Any CPU
		{84C52146-50E5-4E3E-A97C-9AB255D841C9}.Debug|x86.Build.0 = Debug|Any CPU
		{84C52146-50E5-4E3E-A97C-9AB255D841C9}.Release|Any CPU.ActiveCfg = Release|Any CPU
		{84C52146-50E5-4E3E-A97C-9AB255D841C9}.Release|Any CPU.Build.0 = Release|Any CPU
		{84C52146-50E5-4E3E-A97C-9AB255D841C9}.Release|x64.ActiveCfg = Release|Any CPU
		{84C52146-50E5-4E3E-A97C-9AB255D841C9}.Release|x64.Build.0 = Release|Any CPU
		{84C52146-50E5-4E3E-A97C-9AB255D841C9}.Release|x86.ActiveCfg = Release|Any CPU
		{84C52146-50E5-4E3E-A97C-9AB255D841C9}.Release|x86.Build.0 = Release|Any CPU
		{30DF0D8B-B77A-43B9-BE23-5CD1FC299C68}.Debug|Any CPU.ActiveCfg = Debug|Any CPU
		{30DF0D8B-B77A-43B9-BE23-5CD1FC299C68}.Debug|Any CPU.Build.0 = Debug|Any CPU
		{30DF0D8B-B77A-43B9-BE23-5CD1FC299C68}.Debug|x64.ActiveCfg = Debug|Any CPU
		{30DF0D8B-B77A-43B9-BE23-5CD1FC299C68}.Debug|x64.Build.0 = Debug|Any CPU
		{30DF0D8B-B77A-43B9-BE23-5CD1FC299C68}.Debug|x86.ActiveCfg = Debug|Any CPU
		{30DF0D8B-B77A-43B9-BE23-5CD1FC299C68}.Debug|x86.Build.0 = Debug|Any CPU
		{30DF0D8B-B77A-43B9-BE23-5CD1FC299C68}.Release|Any CPU.ActiveCfg = Release|Any CPU
		{30DF0D8B-B77A-43B9-BE23-5CD1FC299C68}.Release|Any CPU.Build.0 = Release|Any CPU
		{30DF0D8B-B77A-43B9-BE23-5CD1FC299C68}.Release|x64.ActiveCfg = Release|Any CPU
		{30DF0D8B-B77A-43B9-BE23-5CD1FC299C68}.Release|x64.Build.0 = Release|Any CPU
		{30DF0D8B-B77A-43B9-BE23-5CD1FC299C68}.Release|x86.ActiveCfg = Release|Any CPU
		{30DF0D8B-B77A-43B9-BE23-5CD1FC299C68}.Release|x86.Build.0 = Release|Any CPU
		{41B35BE8-18B9-4F3B-8AC3-E253C2824E2E}.Debug|Any CPU.ActiveCfg = Debug|Any CPU
		{41B35BE8-18B9-4F3B-8AC3-E253C2824E2E}.Debug|Any CPU.Build.0 = Debug|Any CPU
		{41B35BE8-18B9-4F3B-8AC3-E253C2824E2E}.Debug|x64.ActiveCfg = Debug|Any CPU
		{41B35BE8-18B9-4F3B-8AC3-E253C2824E2E}.Debug|x64.Build.0 = Debug|Any CPU
		{41B35BE8-18B9-4F3B-8AC3-E253C2824E2E}.Debug|x86.ActiveCfg = Debug|Any CPU
		{41B35BE8-18B9-4F3B-8AC3-E253C2824E2E}.Debug|x86.Build.0 = Debug|Any CPU
		{41B35BE8-18B9-4F3B-8AC3-E253C2824E2E}.Release|Any CPU.ActiveCfg = Release|Any CPU
		{41B35BE8-18B9-4F3B-8AC3-E253C2824E2E}.Release|Any CPU.Build.0 = Release|Any CPU
		{41B35BE8-18B9-4F3B-8AC3-E253C2824E2E}.Release|x64.ActiveCfg = Release|Any CPU
		{41B35BE8-18B9-4F3B-8AC3-E253C2824E2E}.Release|x64.Build.0 = Release|Any CPU
		{41B35BE8-18B9-4F3B-8AC3-E253C2824E2E}.Release|x86.ActiveCfg = Release|Any CPU
		{41B35BE8-18B9-4F3B-8AC3-E253C2824E2E}.Release|x86.Build.0 = Release|Any CPU
	EndGlobalSection
	GlobalSection(SolutionProperties) = preSolution
		HideSolutionNode = FALSE
	EndGlobalSection
	GlobalSection(NestedProjects) = preSolution
		{CCAE9A5D-D90F-4E6E-851B-E8EF95079475} = {827E0CD3-B72D-47B6-A68D-7590B98EB39B}
		{8B654ED0-9B46-4DFA-9CDD-83C0D5479242} = {827E0CD3-B72D-47B6-A68D-7590B98EB39B}
		{84C52146-50E5-4E3E-A97C-9AB255D841C9} = {827E0CD3-B72D-47B6-A68D-7590B98EB39B}
		{30DF0D8B-B77A-43B9-BE23-5CD1FC299C68} = {827E0CD3-B72D-47B6-A68D-7590B98EB39B}
		{41B35BE8-18B9-4F3B-8AC3-E253C2824E2E} = {0AB3BF05-4346-4AA6-1389-037BE0695223}
	EndGlobalSection
EndGlobal
